Microsoft Visual Studio Solution File, Format Version 11.00
# Visual Studio 2008

Project("{F95BF491-6565-B238-C079-4491CFA0620D}") = "Maori_Nga_Atua", "Assembly-CSharp-firstpass.csproj", "{10568BB2-6BA5-9C1F-7F23-C90825B11C61}"
EndProject
Project("{F95BF491-6565-B238-C079-4491CFA0620D}") = "Maori_Nga_Atua", "Assembly-CSharp.csproj", "{EA5A4921-DACC-1653-F96E-F65B4A9C685F}"
EndProject
Project("{F95BF491-6565-B238-C079-4491CFA0620D}") = "Maori_Nga_Atua", "Assembly-CSharp-Editor.csproj", "{F840C035-1E19-BC5A-5695-42F32F78D657}"
EndProject
Project("{F95BF491-6565-B238-C079-4491CFA0620D}") = "Maori_Nga_Atua", "Assembly-UnityScript-firstpass.unityproj", "{CE7D3335-DDDE-86CE-F0A5-9593A683EDAB}"
EndProject
Project("{F95BF491-6565-B238-C079-4491CFA0620D}") = "Maori_Nga_Atua", "Assembly-UnityScript.unityproj", "{EB626D9F-2647-653E-965D-EE5694BF8781}"
EndProject
Project("{F95BF491-6565-B238-C079-4491CFA0620D}") = "Maori_Nga_Atua", "Assembly-UnityScript-Editor.unityproj", "{F2834C7C-5E28-5D79-62AF-9242BE72D3A1}"
EndProject
Global
	GlobalSection(SolutionConfigurationPlatforms) = preSolution
		Debug|Any CPU = Debug|Any CPU
		Release|Any CPU = Release|Any CPU
	EndGlobalSection
	GlobalSection(ProjectConfigurationPlatforms) = postSolution
		{10568BB2-6BA5-9C1F-7F23-C90825B11C61}.Debug|Any CPU.ActiveCfg = Debug|Any CPU
		{10568BB2-6BA5-9C1F-7F23-C90825B11C61}.Debug|Any CPU.Build.0 = Debug|Any CPU
		{10568BB2-6BA5-9C1F-7F23-C90825B11C61}.Release|Any CPU.ActiveCfg = Release|Any CPU
		{10568BB2-6BA5-9C1F-7F23-C90825B11C61}.Release|Any CPU.Build.0 = Release|Any CPU
		{EA5A4921-DACC-1653-F96E-F65B4A9C685F}.Debug|Any CPU.ActiveCfg = Debug|Any CPU
		{EA5A4921-DACC-1653-F96E-F65B4A9C685F}.Debug|Any CPU.Build.0 = Debug|Any CPU
		{EA5A4921-DACC-1653-F96E-F65B4A9C685F}.Release|Any CPU.ActiveCfg = Release|Any CPU
		{EA5A4921-DACC-1653-F96E-F65B4A9C685F}.Release|Any CPU.Build.0 = Release|Any CPU
		{F840C035-1E19-BC5A-5695-42F32F78D657}.Debug|Any CPU.ActiveCfg = Debug|Any CPU
		{F840C035-1E19-BC5A-5695-42F32F78D657}.Debug|Any CPU.Build.0 = Debug|Any CPU
		{F840C035-1E19-BC5A-5695-42F32F78D657}.Release|Any CPU.ActiveCfg = Release|Any CPU
		{F840C035-1E19-BC5A-5695-42F32F78D657}.Release|Any CPU.Build.0 = Release|Any CPU
		{CE7D3335-DDDE-86CE-F0A5-9593A683EDAB}.Debug|Any CPU.ActiveCfg = Debug|Any CPU
		{CE7D3335-DDDE-86CE-F0A5-9593A683EDAB}.Debug|Any CPU.Build.0 = Debug|Any CPU
		{CE7D3335-DDDE-86CE-F0A5-9593A683EDAB}.Release|Any CPU.ActiveCfg = Release|Any CPU
		{CE7D3335-DDDE-86CE-F0A5-9593A683EDAB}.Release|Any CPU.Build.0 = Release|Any CPU
		{EB626D9F-2647-653E-965D-EE5694BF8781}.Debug|Any CPU.ActiveCfg = Debug|Any CPU
		{EB626D9F-2647-653E-965D-EE5694BF8781}.Debug|Any CPU.Build.0 = Debug|Any CPU
		{EB626D9F-2647-653E-965D-EE5694BF8781}.Release|Any CPU.ActiveCfg = Release|Any CPU
		{EB626D9F-2647-653E-965D-EE5694BF8781}.Release|Any CPU.Build.0 = Release|Any CPU
		{F2834C7C-5E28-5D79-62AF-9242BE72D3A1}.Debug|Any CPU.ActiveCfg = Debug|Any CPU
		{F2834C7C-5E28-5D79-62AF-9242BE72D3A1}.Debug|Any CPU.Build.0 = Debug|Any CPU
		{F2834C7C-5E28-5D79-62AF-9242BE72D3A1}.Release|Any CPU.ActiveCfg = Release|Any CPU
		{F2834C7C-5E28-5D79-62AF-9242BE72D3A1}.Release|Any CPU.Build.0 = Release|Any CPU
	EndGlobalSection
	GlobalSection(SolutionProperties) = preSolution
		HideSolutionNode = FALSE
	EndGlobalSection
																																								GlobalSection(MonoDevelopProperties) = preSolution
		StartupItem = Assembly-CSharp.csproj
		Policies = $0
		$0.TextStylePolicy = $1
		$1.inheritsSet = null
		$1.scope = text/x-csharp
		$0.CSharpFormattingPolicy = $2
		$2.inheritsSet = Mono
		$2.inheritsScope = text/x-csharp
		$2.scope = text/x-csharp
		$0.TextStylePolicy = $3
		$3.FileWidth = 120
		$3.TabWidth = 4
		$3.IndentWidth = 4
		$3.EolMarker = Unix
		$3.inheritsSet = Mono
		$3.inheritsScope = text/plain
		$3.scope = text/plain
	EndGlobalSection

EndGlobal
